{
  "nodes": {
    "flakeNimbleLib": {
      "inputs": {
        "nixpkgs": [
          "nixpkgs"
        ]
      },
      "locked": {
        "lastModified": 1662018438,
        "narHash": "sha256-QtNtU6+LX3Wokxf0zlFwKTFOcn6TeDjKQZ+DA9OYtvM=",
        "owner": "riinr",
        "repo": "nim-flakes-lib",
        "rev": "b1fe8340736e3a85d25c709ac3dfd82a55c03cbf",
        "type": "github"
      },
      "original": {
        "owner": "riinr",
        "ref": "master",
        "repo": "nim-flakes-lib",
        "type": "github"
      }
    },
    "nixpkgs": {
      "locked": {
        "lastModified": 1667110639,
        "narHash": "sha256-4FbPESZ5LbqQxkJJJBAfk/zKgF9h/4kyUwjjpJwYlbc=",
        "owner": "NixOS",
        "repo": "nixpkgs",
        "rev": "f38a1f04d1bec1feb61fd101a0539ae2002a7087",
        "type": "github"
      },
      "original": {
        "id": "nixpkgs",
        "type": "indirect"
      }
    },
    "root": {
      "inputs": {
        "flakeNimbleLib": "flakeNimbleLib",
        "nixpkgs": "nixpkgs",
        "shorturl-master": "shorturl-master"
      }
    },
    "shorturl-master": {
      "inputs": {
        "flakeNimbleLib": [
          "flakeNimbleLib"
        ],
        "nixpkgs": [
          "nixpkgs"
        ],
        "src-shorturl-master": "src-shorturl-master"
      },
      "locked": {
        "dir": "master",
        "lastModified": 1662254819,
        "narHash": "sha256-0YluZDmnvpbD3OU67Dmvy5HtYIjPXin8Y2mW/wBna8g=",
        "owner": "nim-nix-pkgs",
        "repo": "shorturl",
        "rev": "a2e986a93cad73fa299c00e05cf6e3b7c086f011",
        "type": "github"
      },
      "original": {
        "dir": "master",
        "owner": "nim-nix-pkgs",
        "ref": "master",
        "repo": "shorturl",
        "type": "github"
      }
    },
    "src-shorturl-master": {
      "flake": false,
      "locked": {
        "lastModified": 1504564128,
        "narHash": "sha256-fd5Bu59SNfFfQw+4u1jI+bwDZYd1b/WvpO/aCKF5Yt8=",
        "owner": "achesak",
        "repo": "nim-shorturl",
        "rev": "e090969532d25836e32b51de03cf313075cf9aa7",
        "type": "github"
      },
      "original": {
        "owner": "achesak",
        "ref": "refs/heads/master",
        "repo": "nim-shorturl",
        "type": "github"
      }
    }
  },
  "root": "root",
  "version": 7
}
